// !$*UTF8*$!
{
	archiveVersion = 1;
	classes = {
	};
	objectVersion = 46;
	objects = {

/* Begin PBXBuildFile section */
		66C908FD9215A22161105DE1 /* Pods_lasgasmx.framework in Frameworks */ = {isa = PBXBuildFile; fileRef = A67412A47D62D5C3339E096B /* Pods_lasgasmx.framework */; };
		953BAC675D361194EC20F8D5 /* Pods_lasgasmxUITests.framework in Frameworks */ = {isa = PBXBuildFile; fileRef = E0597AB28257458B092F15E6 /* Pods_lasgasmxUITests.framework */; };
		CAE323591E8DFDDC005871F7 /* UIStackView+Helpers.swift in Sources */ = {isa = PBXBuildFile; fileRef = CAE323581E8DFDDC005871F7 /* UIStackView+Helpers.swift */; };
		CAE3235C1E8E1759005871F7 /* NewLocationViewController.swift in Sources */ = {isa = PBXBuildFile; fileRef = CAE3235B1E8E1759005871F7 /* NewLocationViewController.swift */; };
		DB70DF66F4F1D9BFA05867F8 /* Pods_lasgasmxTests.framework in Frameworks */ = {isa = PBXBuildFile; fileRef = D074A889606F99E424CFDD9A /* Pods_lasgasmxTests.framework */; };
		E90E73411E8D848400041042 /* GasPriceCell.swift in Sources */ = {isa = PBXBuildFile; fileRef = E90E73401E8D848400041042 /* GasPriceCell.swift */; };
		E90E73431E8DD25100041042 /* GasPriceModel.swift in Sources */ = {isa = PBXBuildFile; fileRef = E90E73421E8DD25100041042 /* GasPriceModel.swift */; };
		E9112ABF1E8195EE00B6E60F /* AppDelegate.swift in Sources */ = {isa = PBXBuildFile; fileRef = E9112ABE1E8195EE00B6E60F /* AppDelegate.swift */; };
		E9112AC11E8195EE00B6E60F /* HomeViewController.swift in Sources */ = {isa = PBXBuildFile; fileRef = E9112AC01E8195EE00B6E60F /* HomeViewController.swift */; };
		E9112AC71E8195EE00B6E60F /* lasgasmx.xcdatamodeld in Sources */ = {isa = PBXBuildFile; fileRef = E9112AC51E8195EE00B6E60F /* lasgasmx.xcdatamodeld */; };
		E9112AC91E8195EE00B6E60F /* Assets.xcassets in Resources */ = {isa = PBXBuildFile; fileRef = E9112AC81E8195EE00B6E60F /* Assets.xcassets */; };
		E9112ACC1E8195EE00B6E60F /* LaunchScreen.storyboard in Resources */ = {isa = PBXBuildFile; fileRef = E9112ACA1E8195EE00B6E60F /* LaunchScreen.storyboard */; };
		E9112AD71E8195EE00B6E60F /* lasgasmxTests.swift in Sources */ = {isa = PBXBuildFile; fileRef = E9112AD61E8195EE00B6E60F /* lasgasmxTests.swift */; };
		E9112AE21E8195EE00B6E60F /* lasgasmxUITests.swift in Sources */ = {isa = PBXBuildFile; fileRef = E9112AE11E8195EE00B6E60F /* lasgasmxUITests.swift */; };
		E961AF131E97EE99008173FB /* CalcResultsCollectionController.swift in Sources */ = {isa = PBXBuildFile; fileRef = E961AF121E97EE99008173FB /* CalcResultsCollectionController.swift */; };
		E961AF151E97EFC7008173FB /* CalcResultDatasorce.swift in Sources */ = {isa = PBXBuildFile; fileRef = E961AF141E97EFC7008173FB /* CalcResultDatasorce.swift */; };
		E961AF171E97F29A008173FB /* CalcResultCell.swift in Sources */ = {isa = PBXBuildFile; fileRef = E961AF161E97F29A008173FB /* CalcResultCell.swift */; };
		E961AF191E980026008173FB /* Float+Helpers.swift in Sources */ = {isa = PBXBuildFile; fileRef = E961AF181E980026008173FB /* Float+Helpers.swift */; };
		E961AF1B1E980C87008173FB /* UICalcTextField+Costume.swift in Sources */ = {isa = PBXBuildFile; fileRef = E961AF1A1E980C87008173FB /* UICalcTextField+Costume.swift */; };
		E96254E51E940BB2004CEB66 /* Result.swift in Sources */ = {isa = PBXBuildFile; fileRef = E96254E41E940BB2004CEB66 /* Result.swift */; };
		E96254E71E940C68004CEB66 /* DataBucket.swift in Sources */ = {isa = PBXBuildFile; fileRef = E96254E61E940C68004CEB66 /* DataBucket.swift */; };
		E96254E91E941164004CEB66 /* Request.swift in Sources */ = {isa = PBXBuildFile; fileRef = E96254E81E941164004CEB66 /* Request.swift */; };
		E96254EB1E941873004CEB66 /* SelectCityModels.swift in Sources */ = {isa = PBXBuildFile; fileRef = E96254EA1E941873004CEB66 /* SelectCityModels.swift */; };
		E96254ED1E946266004CEB66 /* GasPriceStorageManager.swift in Sources */ = {isa = PBXBuildFile; fileRef = E96254EC1E946266004CEB66 /* GasPriceStorageManager.swift */; };
		E96CE1801E89CE2B00F9D97B /* GoogleService-Info.plist in Resources */ = {isa = PBXBuildFile; fileRef = E96CE17F1E89CE2B00F9D97B /* GoogleService-Info.plist */; };
		E96CE1821E89D3F200F9D97B /* PrivateKeys.plist in Resources */ = {isa = PBXBuildFile; fileRef = E96CE1811E89D3F200F9D97B /* PrivateKeys.plist */; };
		E96CE1851E89D5AB00F9D97B /* ConfigManager.swift in Sources */ = {isa = PBXBuildFile; fileRef = E96CE1841E89D5AB00F9D97B /* ConfigManager.swift */; };
		E97A819C1E8C324900294DCE /* GasPricesCarouselController.swift in Sources */ = {isa = PBXBuildFile; fileRef = E97A819B1E8C324900294DCE /* GasPricesCarouselController.swift */; };
		E97A81A61E8C744C00294DCE /* UIView+Anchors.swift in Sources */ = {isa = PBXBuildFile; fileRef = E97A81A51E8C744C00294DCE /* UIView+Anchors.swift */; };
		E97A81A81E8C77EE00294DCE /* CollectionDatasourceController.swift in Sources */ = {isa = PBXBuildFile; fileRef = E97A81A71E8C77EE00294DCE /* CollectionDatasourceController.swift */; };
		E97A81AA1E8C78BF00294DCE /* CollectionDatasorce.swift in Sources */ = {isa = PBXBuildFile; fileRef = E97A81A91E8C78BF00294DCE /* CollectionDatasorce.swift */; };
		E97A81AC1E8C790100294DCE /* CollectionDatasorceCell.swift in Sources */ = {isa = PBXBuildFile; fileRef = E97A81AB1E8C790100294DCE /* CollectionDatasorceCell.swift */; };
		E97A81AE1E8C80A300294DCE /* DefaultCell.swift in Sources */ = {isa = PBXBuildFile; fileRef = E97A81AD1E8C80A300294DCE /* DefaultCell.swift */; };
		E97A81B01E8C88F900294DCE /* GasPricesDatasorce.swift in Sources */ = {isa = PBXBuildFile; fileRef = E97A81AF1E8C88F900294DCE /* GasPricesDatasorce.swift */; };
		E9BEDDB61E8ED72200C0A41D /* SelectCityCollectionController.swift in Sources */ = {isa = PBXBuildFile; fileRef = E9BEDDB51E8ED72200C0A41D /* SelectCityCollectionController.swift */; };
		E9BEDDB81E8ED85F00C0A41D /* SelectCityDatasource.swift in Sources */ = {isa = PBXBuildFile; fileRef = E9BEDDB71E8ED85F00C0A41D /* SelectCityDatasource.swift */; };
		E9BEDDBA1E8EDA0C00C0A41D /* SelectCityViews.swift in Sources */ = {isa = PBXBuildFile; fileRef = E9BEDDB91E8EDA0C00C0A41D /* SelectCityViews.swift */; };
		E9BEDDBC1E8F156B00C0A41D /* locations.json in Resources */ = {isa = PBXBuildFile; fileRef = E9BEDDBB1E8F156B00C0A41D /* locations.json */; };
		E9DE33A61E96AF91006498EF /* UserSettingsManager.swift in Sources */ = {isa = PBXBuildFile; fileRef = E9DE33A51E96AF91006498EF /* UserSettingsManager.swift */; };
		E9DE33A81E96B755006498EF /* CalculatorViewController.swift in Sources */ = {isa = PBXBuildFile; fileRef = E9DE33A71E96B755006498EF /* CalculatorViewController.swift */; };
		E9DE33AB1E96B9B4006498EF /* UIBackButton+Custome.swift in Sources */ = {isa = PBXBuildFile; fileRef = E9DE33AA1E96B9B4006498EF /* UIBackButton+Custome.swift */; };
		E9DE33AD1E96C1AA006498EF /* UINavigationItem+Helper.swift in Sources */ = {isa = PBXBuildFile; fileRef = E9DE33AC1E96C1AA006498EF /* UINavigationItem+Helper.swift */; };
		E9DE33AF1E96C88E006498EF /* Timestamp.swift in Sources */ = {isa = PBXBuildFile; fileRef = E9DE33AE1E96C88E006498EF /* Timestamp.swift */; };
		E9EB3A3E1E8AD57900D76215 /* UIColor+Helper.swift in Sources */ = {isa = PBXBuildFile; fileRef = E9EB3A3D1E8AD57900D76215 /* UIColor+Helper.swift */; };
		E9F8687E1E956EDF007181BA /* JsonParse.swift in Sources */ = {isa = PBXBuildFile; fileRef = E9F8687D1E956EDF007181BA /* JsonParse.swift */; };
		E9F868801E9589DE007181BA /* APIBuket.swift in Sources */ = {isa = PBXBuildFile; fileRef = E9F8687F1E9589DE007181BA /* APIBuket.swift */; };
		E9F868821E959447007181BA /* String+Helper.swift in Sources */ = {isa = PBXBuildFile; fileRef = E9F868811E959447007181BA /* String+Helper.swift */; };
/* End PBXBuildFile section */

/* Begin PBXContainerItemProxy section */
		E9112AD31E8195EE00B6E60F /* PBXContainerItemProxy */ = {
			isa = PBXContainerItemProxy;
			containerPortal = E9112AB31E8195EE00B6E60F /* Project object */;
			proxyType = 1;
			remoteGlobalIDString = E9112ABA1E8195EE00B6E60F;
			remoteInfo = lasgasmx;
		};
		E9112ADE1E8195EE00B6E60F /* PBXContainerItemProxy */ = {
			isa = PBXContainerItemProxy;
			containerPortal = E9112AB31E8195EE00B6E60F /* Project object */;
			proxyType = 1;
			remoteGlobalIDString = E9112ABA1E8195EE00B6E60F;
			remoteInfo = lasgasmx;
		};
/* End PBXContainerItemProxy section */

/* Begin PBXFileReference section */
		2D567CC778115E18613716C2 /* Pods-lasgasmxTests.debug.xcconfig */ = {isa = PBXFileReference; includeInIndex = 1; lastKnownFileType = text.xcconfig; name = "Pods-lasgasmxTests.debug.xcconfig"; path = "Pods/Target Support Files/Pods-lasgasmxTests/Pods-lasgasmxTests.debug.xcconfig"; sourceTree = "<group>"; };
		54BAE393326F9D775A6BFB4C /* Pods-lasgasmx.release.xcconfig */ = {isa = PBXFileReference; includeInIndex = 1; lastKnownFileType = text.xcconfig; name = "Pods-lasgasmx.release.xcconfig"; path = "Pods/Target Support Files/Pods-lasgasmx/Pods-lasgasmx.release.xcconfig"; sourceTree = "<group>"; };
		59941DA09833677EDE42910F /* Pods-lasgasmx.debug.xcconfig */ = {isa = PBXFileReference; includeInIndex = 1; lastKnownFileType = text.xcconfig; name = "Pods-lasgasmx.debug.xcconfig"; path = "Pods/Target Support Files/Pods-lasgasmx/Pods-lasgasmx.debug.xcconfig"; sourceTree = "<group>"; };
		71B488C22897185B86AB7036 /* Pods-lasgasmxUITests.release.xcconfig */ = {isa = PBXFileReference; includeInIndex = 1; lastKnownFileType = text.xcconfig; name = "Pods-lasgasmxUITests.release.xcconfig"; path = "Pods/Target Support Files/Pods-lasgasmxUITests/Pods-lasgasmxUITests.release.xcconfig"; sourceTree = "<group>"; };
		91B846D30F7C7F9AAA7C06FB /* Pods-lasgasmxUITests.debug.xcconfig */ = {isa = PBXFileReference; includeInIndex = 1; lastKnownFileType = text.xcconfig; name = "Pods-lasgasmxUITests.debug.xcconfig"; path = "Pods/Target Support Files/Pods-lasgasmxUITests/Pods-lasgasmxUITests.debug.xcconfig"; sourceTree = "<group>"; };
		A67412A47D62D5C3339E096B /* Pods_lasgasmx.framework */ = {isa = PBXFileReference; explicitFileType = wrapper.framework; includeInIndex = 0; path = Pods_lasgasmx.framework; sourceTree = BUILT_PRODUCTS_DIR; };
		B628E8B612C6FC4BE631535E /* Pods-lasgasmxTests.release.xcconfig */ = {isa = PBXFileReference; includeInIndex = 1; lastKnownFileType = text.xcconfig; name = "Pods-lasgasmxTests.release.xcconfig"; path = "Pods/Target Support Files/Pods-lasgasmxTests/Pods-lasgasmxTests.release.xcconfig"; sourceTree = "<group>"; };
		CAE323581E8DFDDC005871F7 /* UIStackView+Helpers.swift */ = {isa = PBXFileReference; fileEncoding = 4; lastKnownFileType = sourcecode.swift; path = "UIStackView+Helpers.swift"; sourceTree = "<group>"; };
		CAE3235B1E8E1759005871F7 /* NewLocationViewController.swift */ = {isa = PBXFileReference; fileEncoding = 4; lastKnownFileType = sourcecode.swift; name = NewLocationViewController.swift; path = Controlles/NewLocationViewController.swift; sourceTree = "<group>"; };
		D074A889606F99E424CFDD9A /* Pods_lasgasmxTests.framework */ = {isa = PBXFileReference; explicitFileType = wrapper.framework; includeInIndex = 0; path = Pods_lasgasmxTests.framework; sourceTree = BUILT_PRODUCTS_DIR; };
		E0597AB28257458B092F15E6 /* Pods_lasgasmxUITests.framework */ = {isa = PBXFileReference; explicitFileType = wrapper.framework; includeInIndex = 0; path = Pods_lasgasmxUITests.framework; sourceTree = BUILT_PRODUCTS_DIR; };
		E90E73401E8D848400041042 /* GasPriceCell.swift */ = {isa = PBXFileReference; fileEncoding = 4; lastKnownFileType = sourcecode.swift; path = GasPriceCell.swift; sourceTree = "<group>"; };
		E90E73421E8DD25100041042 /* GasPriceModel.swift */ = {isa = PBXFileReference; fileEncoding = 4; lastKnownFileType = sourcecode.swift; path = GasPriceModel.swift; sourceTree = "<group>"; };
		E9112ABB1E8195EE00B6E60F /* lasgasmx.app */ = {isa = PBXFileReference; explicitFileType = wrapper.application; includeInIndex = 0; path = lasgasmx.app; sourceTree = BUILT_PRODUCTS_DIR; };
		E9112ABE1E8195EE00B6E60F /* AppDelegate.swift */ = {isa = PBXFileReference; lastKnownFileType = sourcecode.swift; path = AppDelegate.swift; sourceTree = "<group>"; };
		E9112AC01E8195EE00B6E60F /* HomeViewController.swift */ = {isa = PBXFileReference; lastKnownFileType = sourcecode.swift; path = HomeViewController.swift; sourceTree = "<group>"; };
		E9112AC61E8195EE00B6E60F /* lasgasmx.xcdatamodel */ = {isa = PBXFileReference; lastKnownFileType = wrapper.xcdatamodel; path = lasgasmx.xcdatamodel; sourceTree = "<group>"; };
		E9112AC81E8195EE00B6E60F /* Assets.xcassets */ = {isa = PBXFileReference; lastKnownFileType = folder.assetcatalog; path = Assets.xcassets; sourceTree = "<group>"; };
		E9112ACB1E8195EE00B6E60F /* Base */ = {isa = PBXFileReference; lastKnownFileType = file.storyboard; name = Base; path = Base.lproj/LaunchScreen.storyboard; sourceTree = "<group>"; };
		E9112ACD1E8195EE00B6E60F /* Info.plist */ = {isa = PBXFileReference; lastKnownFileType = text.plist.xml; path = Info.plist; sourceTree = "<group>"; };
		E9112AD21E8195EE00B6E60F /* lasgasmxTests.xctest */ = {isa = PBXFileReference; explicitFileType = wrapper.cfbundle; includeInIndex = 0; path = lasgasmxTests.xctest; sourceTree = BUILT_PRODUCTS_DIR; };
		E9112AD61E8195EE00B6E60F /* lasgasmxTests.swift */ = {isa = PBXFileReference; lastKnownFileType = sourcecode.swift; path = lasgasmxTests.swift; sourceTree = "<group>"; };
		E9112AD81E8195EE00B6E60F /* Info.plist */ = {isa = PBXFileReference; lastKnownFileType = text.plist.xml; path = Info.plist; sourceTree = "<group>"; };
		E9112ADD1E8195EE00B6E60F /* lasgasmxUITests.xctest */ = {isa = PBXFileReference; explicitFileType = wrapper.cfbundle; includeInIndex = 0; path = lasgasmxUITests.xctest; sourceTree = BUILT_PRODUCTS_DIR; };
		E9112AE11E8195EE00B6E60F /* lasgasmxUITests.swift */ = {isa = PBXFileReference; lastKnownFileType = sourcecode.swift; path = lasgasmxUITests.swift; sourceTree = "<group>"; };
		E9112AE31E8195EE00B6E60F /* Info.plist */ = {isa = PBXFileReference; lastKnownFileType = text.plist.xml; path = Info.plist; sourceTree = "<group>"; };
		E961AF121E97EE99008173FB /* CalcResultsCollectionController.swift */ = {isa = PBXFileReference; fileEncoding = 4; lastKnownFileType = sourcecode.swift; path = CalcResultsCollectionController.swift; sourceTree = "<group>"; };
		E961AF141E97EFC7008173FB /* CalcResultDatasorce.swift */ = {isa = PBXFileReference; fileEncoding = 4; lastKnownFileType = sourcecode.swift; path = CalcResultDatasorce.swift; sourceTree = "<group>"; };
		E961AF161E97F29A008173FB /* CalcResultCell.swift */ = {isa = PBXFileReference; fileEncoding = 4; lastKnownFileType = sourcecode.swift; path = CalcResultCell.swift; sourceTree = "<group>"; };
		E961AF181E980026008173FB /* Float+Helpers.swift */ = {isa = PBXFileReference; fileEncoding = 4; lastKnownFileType = sourcecode.swift; path = "Float+Helpers.swift"; sourceTree = "<group>"; };
		E961AF1A1E980C87008173FB /* UICalcTextField+Costume.swift */ = {isa = PBXFileReference; fileEncoding = 4; lastKnownFileType = sourcecode.swift; name = "UICalcTextField+Costume.swift"; path = "UI/UICalcTextField+Costume.swift"; sourceTree = "<group>"; };
		E96254E41E940BB2004CEB66 /* Result.swift */ = {isa = PBXFileReference; fileEncoding = 4; lastKnownFileType = sourcecode.swift; path = Result.swift; sourceTree = "<group>"; };
		E96254E61E940C68004CEB66 /* DataBucket.swift */ = {isa = PBXFileReference; fileEncoding = 4; lastKnownFileType = sourcecode.swift; path = DataBucket.swift; sourceTree = "<group>"; };
		E96254E81E941164004CEB66 /* Request.swift */ = {isa = PBXFileReference; fileEncoding = 4; lastKnownFileType = sourcecode.swift; path = Request.swift; sourceTree = "<group>"; };
		E96254EA1E941873004CEB66 /* SelectCityModels.swift */ = {isa = PBXFileReference; fileEncoding = 4; lastKnownFileType = sourcecode.swift; path = SelectCityModels.swift; sourceTree = "<group>"; };
		E96254EC1E946266004CEB66 /* GasPriceStorageManager.swift */ = {isa = PBXFileReference; fileEncoding = 4; lastKnownFileType = sourcecode.swift; path = GasPriceStorageManager.swift; sourceTree = "<group>"; };
		E96CE17F1E89CE2B00F9D97B /* GoogleService-Info.plist */ = {isa = PBXFileReference; fileEncoding = 4; lastKnownFileType = text.plist.xml; path = "GoogleService-Info.plist"; sourceTree = "<group>"; };
		E96CE1811E89D3F200F9D97B /* PrivateKeys.plist */ = {isa = PBXFileReference; fileEncoding = 4; lastKnownFileType = text.plist.xml; path = PrivateKeys.plist; sourceTree = "<group>"; };
		E96CE1841E89D5AB00F9D97B /* ConfigManager.swift */ = {isa = PBXFileReference; fileEncoding = 4; lastKnownFileType = sourcecode.swift; name = ConfigManager.swift; path = Helpers/ConfigManager.swift; sourceTree = "<group>"; };
		E97A819B1E8C324900294DCE /* GasPricesCarouselController.swift */ = {isa = PBXFileReference; fileEncoding = 4; lastKnownFileType = sourcecode.swift; name = GasPricesCarouselController.swift; path = Controlles/GasPricesCarouselController.swift; sourceTree = "<group>"; };
		E97A81A51E8C744C00294DCE /* UIView+Anchors.swift */ = {isa = PBXFileReference; fileEncoding = 4; lastKnownFileType = sourcecode.swift; path = "UIView+Anchors.swift"; sourceTree = "<group>"; };
		E97A81A71E8C77EE00294DCE /* CollectionDatasourceController.swift */ = {isa = PBXFileReference; fileEncoding = 4; lastKnownFileType = sourcecode.swift; path = CollectionDatasourceController.swift; sourceTree = "<group>"; };
		E97A81A91E8C78BF00294DCE /* CollectionDatasorce.swift */ = {isa = PBXFileReference; fileEncoding = 4; lastKnownFileType = sourcecode.swift; path = CollectionDatasorce.swift; sourceTree = "<group>"; };
		E97A81AB1E8C790100294DCE /* CollectionDatasorceCell.swift */ = {isa = PBXFileReference; fileEncoding = 4; lastKnownFileType = sourcecode.swift; path = CollectionDatasorceCell.swift; sourceTree = "<group>"; };
		E97A81AD1E8C80A300294DCE /* DefaultCell.swift */ = {isa = PBXFileReference; fileEncoding = 4; lastKnownFileType = sourcecode.swift; path = DefaultCell.swift; sourceTree = "<group>"; };
		E97A81AF1E8C88F900294DCE /* GasPricesDatasorce.swift */ = {isa = PBXFileReference; fileEncoding = 4; lastKnownFileType = sourcecode.swift; path = GasPricesDatasorce.swift; sourceTree = "<group>"; };
		E9BEDDB51E8ED72200C0A41D /* SelectCityCollectionController.swift */ = {isa = PBXFileReference; fileEncoding = 4; lastKnownFileType = sourcecode.swift; path = SelectCityCollectionController.swift; sourceTree = "<group>"; };
		E9BEDDB71E8ED85F00C0A41D /* SelectCityDatasource.swift */ = {isa = PBXFileReference; fileEncoding = 4; lastKnownFileType = sourcecode.swift; path = SelectCityDatasource.swift; sourceTree = "<group>"; };
		E9BEDDB91E8EDA0C00C0A41D /* SelectCityViews.swift */ = {isa = PBXFileReference; fileEncoding = 4; lastKnownFileType = sourcecode.swift; path = SelectCityViews.swift; sourceTree = "<group>"; };
		E9BEDDBB1E8F156B00C0A41D /* locations.json */ = {isa = PBXFileReference; fileEncoding = 4; lastKnownFileType = text.json; path = locations.json; sourceTree = "<group>"; };
		E9DE33A51E96AF91006498EF /* UserSettingsManager.swift */ = {isa = PBXFileReference; fileEncoding = 4; lastKnownFileType = sourcecode.swift; path = UserSettingsManager.swift; sourceTree = "<group>"; };
		E9DE33A71E96B755006498EF /* CalculatorViewController.swift */ = {isa = PBXFileReference; fileEncoding = 4; lastKnownFileType = sourcecode.swift; path = CalculatorViewController.swift; sourceTree = "<group>"; };
		E9DE33AA1E96B9B4006498EF /* UIBackButton+Custome.swift */ = {isa = PBXFileReference; fileEncoding = 4; lastKnownFileType = sourcecode.swift; path = "UIBackButton+Custome.swift"; sourceTree = "<group>"; };
		E9DE33AC1E96C1AA006498EF /* UINavigationItem+Helper.swift */ = {isa = PBXFileReference; fileEncoding = 4; lastKnownFileType = sourcecode.swift; path = "UINavigationItem+Helper.swift"; sourceTree = "<group>"; };
		E9DE33AE1E96C88E006498EF /* Timestamp.swift */ = {isa = PBXFileReference; fileEncoding = 4; lastKnownFileType = sourcecode.swift; path = Timestamp.swift; sourceTree = "<group>"; };
		E9EB3A3D1E8AD57900D76215 /* UIColor+Helper.swift */ = {isa = PBXFileReference; fileEncoding = 4; lastKnownFileType = sourcecode.swift; name = "UIColor+Helper.swift"; path = "Helpers/Extension/UIColor+Helper.swift"; sourceTree = "<group>"; };
		E9F8687D1E956EDF007181BA /* JsonParse.swift */ = {isa = PBXFileReference; fileEncoding = 4; lastKnownFileType = sourcecode.swift; path = JsonParse.swift; sourceTree = "<group>"; };
		E9F8687F1E9589DE007181BA /* APIBuket.swift */ = {isa = PBXFileReference; fileEncoding = 4; lastKnownFileType = sourcecode.swift; path = APIBuket.swift; sourceTree = "<group>"; };
		E9F868811E959447007181BA /* String+Helper.swift */ = {isa = PBXFileReference; fileEncoding = 4; lastKnownFileType = sourcecode.swift; path = "String+Helper.swift"; sourceTree = "<group>"; };
/* End PBXFileReference section */

/* Begin PBXFrameworksBuildPhase section */
		E9112AB81E8195EE00B6E60F /* Frameworks */ = {
			isa = PBXFrameworksBuildPhase;
			buildActionMask = 2147483647;
			files = (
				66C908FD9215A22161105DE1 /* Pods_lasgasmx.framework in Frameworks */,
			);
			runOnlyForDeploymentPostprocessing = 0;
		};
		E9112ACF1E8195EE00B6E60F /* Frameworks */ = {
			isa = PBXFrameworksBuildPhase;
			buildActionMask = 2147483647;
			files = (
				DB70DF66F4F1D9BFA05867F8 /* Pods_lasgasmxTests.framework in Frameworks */,
			);
			runOnlyForDeploymentPostprocessing = 0;
		};
		E9112ADA1E8195EE00B6E60F /* Frameworks */ = {
			isa = PBXFrameworksBuildPhase;
			buildActionMask = 2147483647;
			files = (
				953BAC675D361194EC20F8D5 /* Pods_lasgasmxUITests.framework in Frameworks */,
			);
			runOnlyForDeploymentPostprocessing = 0;
		};
/* End PBXFrameworksBuildPhase section */

/* Begin PBXGroup section */
		066CE30C96273C75A340121A /* Frameworks */ = {
			isa = PBXGroup;
			children = (
				A67412A47D62D5C3339E096B /* Pods_lasgasmx.framework */,
				D074A889606F99E424CFDD9A /* Pods_lasgasmxTests.framework */,
				E0597AB28257458B092F15E6 /* Pods_lasgasmxUITests.framework */,
			);
			name = Frameworks;
			sourceTree = "<group>";
		};
		CAE3235A1E8E16E2005871F7 /* GasPricesCarrousel */ = {
			isa = PBXGroup;
			children = (
				E97A819B1E8C324900294DCE /* GasPricesCarouselController.swift */,
				E97A81AF1E8C88F900294DCE /* GasPricesDatasorce.swift */,
				E90E73401E8D848400041042 /* GasPriceCell.swift */,
			);
			name = GasPricesCarrousel;
			sourceTree = "<group>";
		};
		E9112AB21E8195EE00B6E60F = {
			isa = PBXGroup;
			children = (
				E9112ABD1E8195EE00B6E60F /* lasgasmx */,
				E9112AD51E8195EE00B6E60F /* lasgasmxTests */,
				E9112AE01E8195EE00B6E60F /* lasgasmxUITests */,
				E9112ABC1E8195EE00B6E60F /* Products */,
				EC29B02A82043465A3ACDE9D /* Pods */,
				066CE30C96273C75A340121A /* Frameworks */,
			);
			sourceTree = "<group>";
		};
		E9112ABC1E8195EE00B6E60F /* Products */ = {
			isa = PBXGroup;
			children = (
				E9112ABB1E8195EE00B6E60F /* lasgasmx.app */,
				E9112AD21E8195EE00B6E60F /* lasgasmxTests.xctest */,
				E9112ADD1E8195EE00B6E60F /* lasgasmxUITests.xctest */,
			);
			name = Products;
			sourceTree = "<group>";
		};
		E9112ABD1E8195EE00B6E60F /* lasgasmx */ = {
			isa = PBXGroup;
			children = (
				E9112ABE1E8195EE00B6E60F /* AppDelegate.swift */,
				E9112ACD1E8195EE00B6E60F /* Info.plist */,
				E96CE17F1E89CE2B00F9D97B /* GoogleService-Info.plist */,
				E96CE1811E89D3F200F9D97B /* PrivateKeys.plist */,
				E9112AEF1E81965A00B6E60F /* Controllers */,
				E97A81981E8C29BF00294DCE /* Componets */,
				E9112AF11E81968200B6E60F /* Views */,
				E9112AF01E81967300B6E60F /* Resurces */,
				E96CE1831E89D57A00F9D97B /* Helpers */,
				E96254E31E940A45004CEB66 /* Providers */,
				E97A81971E8C259100294DCE /* Services */,
				E9112AF21E81969300B6E60F /* Models */,
			);
			path = lasgasmx;
			sourceTree = "<group>";
		};
		E9112AD51E8195EE00B6E60F /* lasgasmxTests */ = {
			isa = PBXGroup;
			children = (
				E9112AD61E8195EE00B6E60F /* lasgasmxTests.swift */,
				E9112AD81E8195EE00B6E60F /* Info.plist */,
			);
			path = lasgasmxTests;
			sourceTree = "<group>";
		};
		E9112AE01E8195EE00B6E60F /* lasgasmxUITests */ = {
			isa = PBXGroup;
			children = (
				E9112AE11E8195EE00B6E60F /* lasgasmxUITests.swift */,
				E9112AE31E8195EE00B6E60F /* Info.plist */,
			);
			path = lasgasmxUITests;
			sourceTree = "<group>";
		};
		E9112AEF1E81965A00B6E60F /* Controllers */ = {
			isa = PBXGroup;
			children = (
				E9112AC01E8195EE00B6E60F /* HomeViewController.swift */,
				CAE3235B1E8E1759005871F7 /* NewLocationViewController.swift */,
				E9DE33A71E96B755006498EF /* CalculatorViewController.swift */,
			);
			name = Controllers;
			sourceTree = "<group>";
		};
		E9112AF01E81967300B6E60F /* Resurces */ = {
			isa = PBXGroup;
			children = (
				E9112AC51E8195EE00B6E60F /* lasgasmx.xcdatamodeld */,
				E9BEDDBB1E8F156B00C0A41D /* locations.json */,
				E9112ACA1E8195EE00B6E60F /* LaunchScreen.storyboard */,
				E9112AC81E8195EE00B6E60F /* Assets.xcassets */,
			);
			name = Resurces;
			sourceTree = "<group>";
		};
		E9112AF11E81968200B6E60F /* Views */ = {
			isa = PBXGroup;
			children = (
				E9DE33A91E96B98D006498EF /* UI */,
			);
			name = Views;
			sourceTree = "<group>";
		};
		E9112AF21E81969300B6E60F /* Models */ = {
			isa = PBXGroup;
			children = (
				E90E73421E8DD25100041042 /* GasPriceModel.swift */,
				E96254EA1E941873004CEB66 /* SelectCityModels.swift */,
			);
			name = Models;
			sourceTree = "<group>";
		};
		E961AF111E97EE37008173FB /* CalcResults */ = {
			isa = PBXGroup;
			children = (
				E961AF121E97EE99008173FB /* CalcResultsCollectionController.swift */,
				E961AF141E97EFC7008173FB /* CalcResultDatasorce.swift */,
				E961AF161E97F29A008173FB /* CalcResultCell.swift */,
			);
			name = CalcResults;
			sourceTree = "<group>";
		};
		E96254E31E940A45004CEB66 /* Providers */ = {
			isa = PBXGroup;
			children = (
				E96254E41E940BB2004CEB66 /* Result.swift */,
				E96254E81E941164004CEB66 /* Request.swift */,
				E96254E61E940C68004CEB66 /* DataBucket.swift */,
				E9F8687D1E956EDF007181BA /* JsonParse.swift */,
				E9F8687F1E9589DE007181BA /* APIBuket.swift */,
			);
			name = Providers;
			sourceTree = "<group>";
		};
		E96CE1831E89D57A00F9D97B /* Helpers */ = {
			isa = PBXGroup;
			children = (
				E9EB3A3D1E8AD57900D76215 /* UIColor+Helper.swift */,
				E97A81A51E8C744C00294DCE /* UIView+Anchors.swift */,
				CAE323581E8DFDDC005871F7 /* UIStackView+Helpers.swift */,
				E9F868811E959447007181BA /* String+Helper.swift */,
				E9DE33AC1E96C1AA006498EF /* UINavigationItem+Helper.swift */,
				E9DE33AE1E96C88E006498EF /* Timestamp.swift */,
				E961AF181E980026008173FB /* Float+Helpers.swift */,
			);
			name = Helpers;
			sourceTree = "<group>";
		};
		E97A81971E8C259100294DCE /* Services */ = {
			isa = PBXGroup;
			children = (
				E96CE1841E89D5AB00F9D97B /* ConfigManager.swift */,
				E96254EC1E946266004CEB66 /* GasPriceStorageManager.swift */,
				E9DE33A51E96AF91006498EF /* UserSettingsManager.swift */,
			);
			name = Services;
			sourceTree = "<group>";
		};
		E97A81981E8C29BF00294DCE /* Componets */ = {
			isa = PBXGroup;
			children = (
				E97A819E1E8C3EF700294DCE /* Generic */,
				E9BEDDB41E8ED6FC00C0A41D /* SelectCityTable */,
				CAE3235A1E8E16E2005871F7 /* GasPricesCarrousel */,
				E961AF111E97EE37008173FB /* CalcResults */,
			);
			name = Componets;
			sourceTree = "<group>";
		};
		E97A819E1E8C3EF700294DCE /* Generic */ = {
			isa = PBXGroup;
			children = (
				E97A81A71E8C77EE00294DCE /* CollectionDatasourceController.swift */,
				E97A81A91E8C78BF00294DCE /* CollectionDatasorce.swift */,
				E97A81AB1E8C790100294DCE /* CollectionDatasorceCell.swift */,
				E97A81AD1E8C80A300294DCE /* DefaultCell.swift */,
			);
			name = Generic;
			sourceTree = "<group>";
		};
		E9BEDDB41E8ED6FC00C0A41D /* SelectCityTable */ = {
			isa = PBXGroup;
			children = (
				E9BEDDB51E8ED72200C0A41D /* SelectCityCollectionController.swift */,
				E9BEDDB71E8ED85F00C0A41D /* SelectCityDatasource.swift */,
				E9BEDDB91E8EDA0C00C0A41D /* SelectCityViews.swift */,
			);
			name = SelectCityTable;
			sourceTree = "<group>";
		};
		E9DE33A91E96B98D006498EF /* UI */ = {
			isa = PBXGroup;
			children = (
				E9DE33AA1E96B9B4006498EF /* UIBackButton+Custome.swift */,
				E961AF1A1E980C87008173FB /* UICalcTextField+Costume.swift */,
			);
			name = UI;
			sourceTree = "<group>";
		};
		EC29B02A82043465A3ACDE9D /* Pods */ = {
			isa = PBXGroup;
			children = (
				59941DA09833677EDE42910F /* Pods-lasgasmx.debug.xcconfig */,
				54BAE393326F9D775A6BFB4C /* Pods-lasgasmx.release.xcconfig */,
				2D567CC778115E18613716C2 /* Pods-lasgasmxTests.debug.xcconfig */,
				B628E8B612C6FC4BE631535E /* Pods-lasgasmxTests.release.xcconfig */,
				91B846D30F7C7F9AAA7C06FB /* Pods-lasgasmxUITests.debug.xcconfig */,
				71B488C22897185B86AB7036 /* Pods-lasgasmxUITests.release.xcconfig */,
			);
			name = Pods;
			sourceTree = "<group>";
		};
/* End PBXGroup section */

/* Begin PBXNativeTarget section */
		E9112ABA1E8195EE00B6E60F /* lasgasmx */ = {
			isa = PBXNativeTarget;
			buildConfigurationList = E9112AE61E8195EE00B6E60F /* Build configuration list for PBXNativeTarget "lasgasmx" */;
			buildPhases = (
				3B373A366EFD2065AE78A1B4 /* [CP] Check Pods Manifest.lock */,
				E9112AB71E8195EE00B6E60F /* Sources */,
				E9112AB81E8195EE00B6E60F /* Frameworks */,
				E9112AB91E8195EE00B6E60F /* Resources */,
				BDC6C908A42099100C71C19E /* [CP] Embed Pods Frameworks */,
				D79310B590859F1748D470C2 /* [CP] Copy Pods Resources */,
			);
			buildRules = (
			);
			dependencies = (
			);
			name = lasgasmx;
			productName = lasgasmx;
			productReference = E9112ABB1E8195EE00B6E60F /* lasgasmx.app */;
			productType = "com.apple.product-type.application";
		};
		E9112AD11E8195EE00B6E60F /* lasgasmxTests */ = {
			isa = PBXNativeTarget;
			buildConfigurationList = E9112AE91E8195EE00B6E60F /* Build configuration list for PBXNativeTarget "lasgasmxTests" */;
			buildPhases = (
				3D9CE3586F5B257B66180B22 /* [CP] Check Pods Manifest.lock */,
				E9112ACE1E8195EE00B6E60F /* Sources */,
				E9112ACF1E8195EE00B6E60F /* Frameworks */,
				E9112AD01E8195EE00B6E60F /* Resources */,
				1DFD3720F851241179430FA3 /* [CP] Embed Pods Frameworks */,
				952016EA08287530989CE4CE /* [CP] Copy Pods Resources */,
			);
			buildRules = (
			);
			dependencies = (
				E9112AD41E8195EE00B6E60F /* PBXTargetDependency */,
			);
			name = lasgasmxTests;
			productName = lasgasmxTests;
			productReference = E9112AD21E8195EE00B6E60F /* lasgasmxTests.xctest */;
			productType = "com.apple.product-type.bundle.unit-test";
		};
		E9112ADC1E8195EE00B6E60F /* lasgasmxUITests */ = {
			isa = PBXNativeTarget;
			buildConfigurationList = E9112AEC1E8195EE00B6E60F /* Build configuration list for PBXNativeTarget "lasgasmxUITests" */;
			buildPhases = (
				4D91AB17386062102CD09CD4 /* [CP] Check Pods Manifest.lock */,
				E9112AD91E8195EE00B6E60F /* Sources */,
				E9112ADA1E8195EE00B6E60F /* Frameworks */,
				E9112ADB1E8195EE00B6E60F /* Resources */,
				738BC73F283A943EE76F4F37 /* [CP] Embed Pods Frameworks */,
				95B0BC1A90CEC7B16F9B79B1 /* [CP] Copy Pods Resources */,
			);
			buildRules = (
			);
			dependencies = (
				E9112ADF1E8195EE00B6E60F /* PBXTargetDependency */,
			);
			name = lasgasmxUITests;
			productName = lasgasmxUITests;
			productReference = E9112ADD1E8195EE00B6E60F /* lasgasmxUITests.xctest */;
			productType = "com.apple.product-type.bundle.ui-testing";
		};
/* End PBXNativeTarget section */

/* Begin PBXProject section */
		E9112AB31E8195EE00B6E60F /* Project object */ = {
			isa = PBXProject;
			attributes = {
				LastSwiftUpdateCheck = 0820;
				LastUpgradeCheck = 0820;
				ORGANIZATIONNAME = migueloruiz;
				TargetAttributes = {
					E9112ABA1E8195EE00B6E60F = {
						CreatedOnToolsVersion = 8.2.1;
						DevelopmentTeam = ZA326M6Y84;
						ProvisioningStyle = Automatic;
					};
					E9112AD11E8195EE00B6E60F = {
						CreatedOnToolsVersion = 8.2.1;
						DevelopmentTeam = ZA326M6Y84;
						ProvisioningStyle = Automatic;
						TestTargetID = E9112ABA1E8195EE00B6E60F;
					};
					E9112ADC1E8195EE00B6E60F = {
						CreatedOnToolsVersion = 8.2.1;
						DevelopmentTeam = ZA326M6Y84;
						ProvisioningStyle = Automatic;
						TestTargetID = E9112ABA1E8195EE00B6E60F;
					};
				};
			};
			buildConfigurationList = E9112AB61E8195EE00B6E60F /* Build configuration list for PBXProject "lasgasmx" */;
			compatibilityVersion = "Xcode 3.2";
			developmentRegion = English;
			hasScannedForEncodings = 0;
			knownRegions = (
				en,
				Base,
			);
			mainGroup = E9112AB21E8195EE00B6E60F;
			productRefGroup = E9112ABC1E8195EE00B6E60F /* Products */;
			projectDirPath = "";
			projectRoot = "";
			targets = (
				E9112ABA1E8195EE00B6E60F /* lasgasmx */,
				E9112AD11E8195EE00B6E60F /* lasgasmxTests */,
				E9112ADC1E8195EE00B6E60F /* lasgasmxUITests */,
			);
		};
/* End PBXProject section */

/* Begin PBXResourcesBuildPhase section */
		E9112AB91E8195EE00B6E60F /* Resources */ = {
			isa = PBXResourcesBuildPhase;
			buildActionMask = 2147483647;
			files = (
				E9BEDDBC1E8F156B00C0A41D /* locations.json in Resources */,
				E9112ACC1E8195EE00B6E60F /* LaunchScreen.storyboard in Resources */,
				E9112AC91E8195EE00B6E60F /* Assets.xcassets in Resources */,
				E96CE1821E89D3F200F9D97B /* PrivateKeys.plist in Resources */,
				E96CE1801E89CE2B00F9D97B /* GoogleService-Info.plist in Resources */,
			);
			runOnlyForDeploymentPostprocessing = 0;
		};
		E9112AD01E8195EE00B6E60F /* Resources */ = {
			isa = PBXResourcesBuildPhase;
			buildActionMask = 2147483647;
			files = (
			);
			runOnlyForDeploymentPostprocessing = 0;
		};
		E9112ADB1E8195EE00B6E60F /* Resources */ = {
			isa = PBXResourcesBuildPhase;
			buildActionMask = 2147483647;
			files = (
			);
			runOnlyForDeploymentPostprocessing = 0;
		};
/* End PBXResourcesBuildPhase section */

/* Begin PBXShellScriptBuildPhase section */
		1DFD3720F851241179430FA3 /* [CP] Embed Pods Frameworks */ = {
			isa = PBXShellScriptBuildPhase;
			buildActionMask = 2147483647;
			files = (
			);
			inputPaths = (
			);
			name = "[CP] Embed Pods Frameworks";
			outputPaths = (
			);
			runOnlyForDeploymentPostprocessing = 0;
			shellPath = /bin/sh;
			shellScript = "\"${SRCROOT}/Pods/Target Support Files/Pods-lasgasmxTests/Pods-lasgasmxTests-frameworks.sh\"\n";
			showEnvVarsInLog = 0;
		};
		3B373A366EFD2065AE78A1B4 /* [CP] Check Pods Manifest.lock */ = {
			isa = PBXShellScriptBuildPhase;
			buildActionMask = 2147483647;
			files = (
			);
			inputPaths = (
			);
			name = "[CP] Check Pods Manifest.lock";
			outputPaths = (
			);
			runOnlyForDeploymentPostprocessing = 0;
			shellPath = /bin/sh;
			shellScript = "diff \"${PODS_ROOT}/../Podfile.lock\" \"${PODS_ROOT}/Manifest.lock\" > /dev/null\nif [ $? != 0 ] ; then\n    # print error to STDERR\n    echo \"error: The sandbox is not in sync with the Podfile.lock. Run 'pod install' or update your CocoaPods installation.\" >&2\n    exit 1\nfi\n";
			showEnvVarsInLog = 0;
		};
		3D9CE3586F5B257B66180B22 /* [CP] Check Pods Manifest.lock */ = {
			isa = PBXShellScriptBuildPhase;
			buildActionMask = 2147483647;
			files = (
			);
			inputPaths = (
			);
			name = "[CP] Check Pods Manifest.lock";
			outputPaths = (
			);
			runOnlyForDeploymentPostprocessing = 0;
			shellPath = /bin/sh;
			shellScript = "diff \"${PODS_ROOT}/../Podfile.lock\" \"${PODS_ROOT}/Manifest.lock\" > /dev/null\nif [ $? != 0 ] ; then\n    # print error to STDERR\n    echo \"error: The sandbox is not in sync with the Podfile.lock. Run 'pod install' or update your CocoaPods installation.\" >&2\n    exit 1\nfi\n";
			showEnvVarsInLog = 0;
		};
		4D91AB17386062102CD09CD4 /* [CP] Check Pods Manifest.lock */ = {
			isa = PBXShellScriptBuildPhase;
			buildActionMask = 2147483647;
			files = (
			);
			inputPaths = (
			);
			name = "[CP] Check Pods Manifest.lock";
			outputPaths = (
			);
			runOnlyForDeploymentPostprocessing = 0;
			shellPath = /bin/sh;
			shellScript = "diff \"${PODS_ROOT}/../Podfile.lock\" \"${PODS_ROOT}/Manifest.lock\" > /dev/null\nif [ $? != 0 ] ; then\n    # print error to STDERR\n    echo \"error: The sandbox is not in sync with the Podfile.lock. Run 'pod install' or update your CocoaPods installation.\" >&2\n    exit 1\nfi\n";
			showEnvVarsInLog = 0;
		};
		738BC73F283A943EE76F4F37 /* [CP] Embed Pods Frameworks */ = {
			isa = PBXShellScriptBuildPhase;
			buildActionMask = 2147483647;
			files = (
			);
			inputPaths = (
			);
			name = "[CP] Embed Pods Frameworks";
			outputPaths = (
			);
			runOnlyForDeploymentPostprocessing = 0;
			shellPath = /bin/sh;
			shellScript = "\"${SRCROOT}/Pods/Target Support Files/Pods-lasgasmxUITests/Pods-lasgasmxUITests-frameworks.sh\"\n";
			showEnvVarsInLog = 0;
		};
		952016EA08287530989CE4CE /* [CP] Copy Pods Resources */ = {
			isa = PBXShellScriptBuildPhase;
			buildActionMask = 2147483647;
			files = (
			);
			inputPaths = (
			);
			name = "[CP] Copy Pods Resources";
			outputPaths = (
			);
			runOnlyForDeploymentPostprocessing = 0;
			shellPath = /bin/sh;
			shellScript = "\"${SRCROOT}/Pods/Target Support Files/Pods-lasgasmxTests/Pods-lasgasmxTests-resources.sh\"\n";
			showEnvVarsInLog = 0;
		};
		95B0BC1A90CEC7B16F9B79B1 /* [CP] Copy Pods Resources */ = {
			isa = PBXShellScriptBuildPhase;
			buildActionMask = 2147483647;
			files = (
			);
			inputPaths = (
			);
			name = "[CP] Copy Pods Resources";
			outputPaths = (
			);
			runOnlyForDeploymentPostprocessing = 0;
			shellPath = /bin/sh;
			shellScript = "\"${SRCROOT}/Pods/Target Support Files/Pods-lasgasmxUITests/Pods-lasgasmxUITests-resources.sh\"\n";
			showEnvVarsInLog = 0;
		};
		BDC6C908A42099100C71C19E /* [CP] Embed Pods Frameworks */ = {
			isa = PBXShellScriptBuildPhase;
			buildActionMask = 2147483647;
			files = (
			);
			inputPaths = (
			);
			name = "[CP] Embed Pods Frameworks";
			outputPaths = (
			);
			runOnlyForDeploymentPostprocessing = 0;
			shellPath = /bin/sh;
			shellScript = "\"${SRCROOT}/Pods/Target Support Files/Pods-lasgasmx/Pods-lasgasmx-frameworks.sh\"\n";
			showEnvVarsInLog = 0;
		};
		D79310B590859F1748D470C2 /* [CP] Copy Pods Resources */ = {
			isa = PBXShellScriptBuildPhase;
			buildActionMask = 2147483647;
			files = (
			);
			inputPaths = (
			);
			name = "[CP] Copy Pods Resources";
			outputPaths = (
			);
			runOnlyForDeploymentPostprocessing = 0;
			shellPath = /bin/sh;
			shellScript = "\"${SRCROOT}/Pods/Target Support Files/Pods-lasgasmx/Pods-lasgasmx-resources.sh\"\n";
			showEnvVarsInLog = 0;
		};
/* End PBXShellScriptBuildPhase section */

/* Begin PBXSourcesBuildPhase section */
		E9112AB71E8195EE00B6E60F /* Sources */ = {
			isa = PBXSourcesBuildPhase;
			buildActionMask = 2147483647;
			files = (
				E9F8687E1E956EDF007181BA /* JsonParse.swift in Sources */,
				E97A819C1E8C324900294DCE /* GasPricesCarouselController.swift in Sources */,
				E961AF191E980026008173FB /* Float+Helpers.swift in Sources */,
				E90E73431E8DD25100041042 /* GasPriceModel.swift in Sources */,
				CAE3235C1E8E1759005871F7 /* NewLocationViewController.swift in Sources */,
				E961AF151E97EFC7008173FB /* CalcResultDatasorce.swift in Sources */,
				E97A81AE1E8C80A300294DCE /* DefaultCell.swift in Sources */,
				E96254E71E940C68004CEB66 /* DataBucket.swift in Sources */,
				E96254E91E941164004CEB66 /* Request.swift in Sources */,
				E9DE33AB1E96B9B4006498EF /* UIBackButton+Custome.swift in Sources */,
				E961AF1B1E980C87008173FB /* UICalcTextField+Costume.swift in Sources */,
				E96254ED1E946266004CEB66 /* GasPriceStorageManager.swift in Sources */,
				E961AF131E97EE99008173FB /* CalcResultsCollectionController.swift in Sources */,
				E97A81B01E8C88F900294DCE /* GasPricesDatasorce.swift in Sources */,
				E9112AC11E8195EE00B6E60F /* HomeViewController.swift in Sources */,
				E96254E51E940BB2004CEB66 /* Result.swift in Sources */,
				E9BEDDBA1E8EDA0C00C0A41D /* SelectCityViews.swift in Sources */,
				E9F868801E9589DE007181BA /* APIBuket.swift in Sources */,
				E9DE33A81E96B755006498EF /* CalculatorViewController.swift in Sources */,
				E9EB3A3E1E8AD57900D76215 /* UIColor+Helper.swift in Sources */,
				E9BEDDB61E8ED72200C0A41D /* SelectCityCollectionController.swift in Sources */,
				E96254EB1E941873004CEB66 /* SelectCityModels.swift in Sources */,
				E96CE1851E89D5AB00F9D97B /* ConfigManager.swift in Sources */,
				CAE323591E8DFDDC005871F7 /* UIStackView+Helpers.swift in Sources */,
				E97A81A81E8C77EE00294DCE /* CollectionDatasourceController.swift in Sources */,
				E9BEDDB81E8ED85F00C0A41D /* SelectCityDatasource.swift in Sources */,
				E9DE33AD1E96C1AA006498EF /* UINavigationItem+Helper.swift in Sources */,
				E97A81AA1E8C78BF00294DCE /* CollectionDatasorce.swift in Sources */,
				E9112ABF1E8195EE00B6E60F /* AppDelegate.swift in Sources */,
				E90E73411E8D848400041042 /* GasPriceCell.swift in Sources */,
				E9DE33A61E96AF91006498EF /* UserSettingsManager.swift in Sources */,
				E97A81A61E8C744C00294DCE /* UIView+Anchors.swift in Sources */,
				E961AF171E97F29A008173FB /* CalcResultCell.swift in Sources */,
				E97A81AC1E8C790100294DCE /* CollectionDatasorceCell.swift in Sources */,
				E9F868821E959447007181BA /* String+Helper.swift in Sources */,
				E9DE33AF1E96C88E006498EF /* Timestamp.swift in Sources */,
				E9112AC71E8195EE00B6E60F /* lasgasmx.xcdatamodeld in Sources */,
			);
			runOnlyForDeploymentPostprocessing = 0;
		};
		E9112ACE1E8195EE00B6E60F /* Sources */ = {
			isa = PBXSourcesBuildPhase;
			buildActionMask = 2147483647;
			files = (
				E9112AD71E8195EE00B6E60F /* lasgasmxTests.swift in Sources */,
			);
			runOnlyForDeploymentPostprocessing = 0;
		};
		E9112AD91E8195EE00B6E60F /* Sources */ = {
			isa = PBXSourcesBuildPhase;
			buildActionMask = 2147483647;
			files = (
				E9112AE21E8195EE00B6E60F /* lasgasmxUITests.swift in Sources */,
			);
			runOnlyForDeploymentPostprocessing = 0;
		};
/* End PBXSourcesBuildPhase section */

/* Begin PBXTargetDependency section */
		E9112AD41E8195EE00B6E60F /* PBXTargetDependency */ = {
			isa = PBXTargetDependency;
			target = E9112ABA1E8195EE00B6E60F /* lasgasmx */;
			targetProxy = E9112AD31E8195EE00B6E60F /* PBXContainerItemProxy */;
		};
		E9112ADF1E8195EE00B6E60F /* PBXTargetDependency */ = {
			isa = PBXTargetDependency;
			target = E9112ABA1E8195EE00B6E60F /* lasgasmx */;
			targetProxy = E9112ADE1E8195EE00B6E60F /* PBXContainerItemProxy */;
		};
/* End PBXTargetDependency section */

/* Begin PBXVariantGroup section */
		E9112ACA1E8195EE00B6E60F /* LaunchScreen.storyboard */ = {
			isa = PBXVariantGroup;
			children = (
				E9112ACB1E8195EE00B6E60F /* Base */,
			);
			name = LaunchScreen.storyboard;
			sourceTree = "<group>";
		};
/* End PBXVariantGroup section */

/* Begin XCBuildConfiguration section */
		E9112AE41E8195EE00B6E60F /* Debug */ = {
			isa = XCBuildConfiguration;
			buildSettings = {
				ALWAYS_SEARCH_USER_PATHS = NO;
				CLANG_ANALYZER_NONNULL = YES;
				CLANG_CXX_LANGUAGE_STANDARD = "gnu++0x";
				CLANG_CXX_LIBRARY = "libc++";
				CLANG_ENABLE_MODULES = YES;
				CLANG_ENABLE_OBJC_ARC = YES;
				CLANG_WARN_BOOL_CONVERSION = YES;
				CLANG_WARN_CONSTANT_CONVERSION = YES;
				CLANG_WARN_DIRECT_OBJC_ISA_USAGE = YES_ERROR;
				CLANG_WARN_DOCUMENTATION_COMMENTS = YES;
				CLANG_WARN_EMPTY_BODY = YES;
				CLANG_WARN_ENUM_CONVERSION = YES;
				CLANG_WARN_INFINITE_RECURSION = YES;
				CLANG_WARN_INT_CONVERSION = YES;
				CLANG_WARN_OBJC_ROOT_CLASS = YES_ERROR;
				CLANG_WARN_SUSPICIOUS_MOVE = YES;
				CLANG_WARN_UNREACHABLE_CODE = YES;
				CLANG_WARN__DUPLICATE_METHOD_MATCH = YES;
				"CODE_SIGN_IDENTITY[sdk=iphoneos*]" = "iPhone Developer";
				COPY_PHASE_STRIP = NO;
				DEBUG_INFORMATION_FORMAT = dwarf;
				ENABLE_STRICT_OBJC_MSGSEND = YES;
				ENABLE_TESTABILITY = YES;
				GCC_C_LANGUAGE_STANDARD = gnu99;
				GCC_DYNAMIC_NO_PIC = NO;
				GCC_NO_COMMON_BLOCKS = YES;
				GCC_OPTIMIZATION_LEVEL = 0;
				GCC_PREPROCESSOR_DEFINITIONS = (
					"DEBUG=1",
					"$(inherited)",
				);
				GCC_WARN_64_TO_32_BIT_CONVERSION = YES;
				GCC_WARN_ABOUT_RETURN_TYPE = YES_ERROR;
				GCC_WARN_UNDECLARED_SELECTOR = YES;
				GCC_WARN_UNINITIALIZED_AUTOS = YES_AGGRESSIVE;
				GCC_WARN_UNUSED_FUNCTION = YES;
				GCC_WARN_UNUSED_VARIABLE = YES;
				IPHONEOS_DEPLOYMENT_TARGET = 10.2;
				MTL_ENABLE_DEBUG_INFO = YES;
				ONLY_ACTIVE_ARCH = YES;
				SDKROOT = iphoneos;
				SWIFT_ACTIVE_COMPILATION_CONDITIONS = DEBUG;
				SWIFT_OPTIMIZATION_LEVEL = "-Onone";
				TARGETED_DEVICE_FAMILY = "1,2";
			};
			name = Debug;
		};
		E9112AE51E8195EE00B6E60F /* Release */ = {
			isa = XCBuildConfiguration;
			buildSettings = {
				ALWAYS_SEARCH_USER_PATHS = NO;
				CLANG_ANALYZER_NONNULL = YES;
				CLANG_CXX_LANGUAGE_STANDARD = "gnu++0x";
				CLANG_CXX_LIBRARY = "libc++";
				CLANG_ENABLE_MODULES = YES;
				CLANG_ENABLE_OBJC_ARC = YES;
				CLANG_WARN_BOOL_CONVERSION = YES;
				CLANG_WARN_CONSTANT_CONVERSION = YES;
				CLANG_WARN_DIRECT_OBJC_ISA_USAGE = YES_ERROR;
				CLANG_WARN_DOCUMENTATION_COMMENTS = YES;
				CLANG_WARN_EMPTY_BODY = YES;
				CLANG_WARN_ENUM_CONVERSION = YES;
				CLANG_WARN_INFINITE_RECURSION = YES;
				CLANG_WARN_INT_CONVERSION = YES;
				CLANG_WARN_OBJC_ROOT_CLASS = YES_ERROR;
				CLANG_WARN_SUSPICIOUS_MOVE = YES;
				CLANG_WARN_UNREACHABLE_CODE = YES;
				CLANG_WARN__DUPLICATE_METHOD_MATCH = YES;
				"CODE_SIGN_IDENTITY[sdk=iphoneos*]" = "iPhone Developer";
				COPY_PHASE_STRIP = NO;
				DEBUG_INFORMATION_FORMAT = "dwarf-with-dsym";
				ENABLE_NS_ASSERTIONS = NO;
				ENABLE_STRICT_OBJC_MSGSEND = YES;
				GCC_C_LANGUAGE_STANDARD = gnu99;
				GCC_NO_COMMON_BLOCKS = YES;
				GCC_WARN_64_TO_32_BIT_CONVERSION = YES;
				GCC_WARN_ABOUT_RETURN_TYPE = YES_ERROR;
				GCC_WARN_UNDECLARED_SELECTOR = YES;
				GCC_WARN_UNINITIALIZED_AUTOS = YES_AGGRESSIVE;
				GCC_WARN_UNUSED_FUNCTION = YES;
				GCC_WARN_UNUSED_VARIABLE = YES;
				IPHONEOS_DEPLOYMENT_TARGET = 10.2;
				MTL_ENABLE_DEBUG_INFO = NO;
				SDKROOT = iphoneos;
				SWIFT_OPTIMIZATION_LEVEL = "-Owholemodule";
				TARGETED_DEVICE_FAMILY = "1,2";
				VALIDATE_PRODUCT = YES;
			};
			name = Release;
		};
		E9112AE71E8195EE00B6E60F /* Debug */ = {
			isa = XCBuildConfiguration;
			baseConfigurationReference = 59941DA09833677EDE42910F /* Pods-lasgasmx.debug.xcconfig */;
			buildSettings = {
				ASSETCATALOG_COMPILER_APPICON_NAME = AppIcon;
				DEVELOPMENT_TEAM = ZA326M6Y84;
				INFOPLIST_FILE = lasgasmx/Info.plist;
				IPHONEOS_DEPLOYMENT_TARGET = 10.2;
				LD_RUNPATH_SEARCH_PATHS = "$(inherited) @executable_path/Frameworks";
				PRODUCT_BUNDLE_IDENTIFIER = com.migueloruiz.lasgasmx;
				PRODUCT_NAME = "$(TARGET_NAME)";
				SWIFT_VERSION = 3.0;
			};
			name = Debug;
		};
		E9112AE81E8195EE00B6E60F /* Release */ = {
			isa = XCBuildConfiguration;
			baseConfigurationReference = 54BAE393326F9D775A6BFB4C /* Pods-lasgasmx.release.xcconfig */;
			buildSettings = {
				ASSETCATALOG_COMPILER_APPICON_NAME = AppIcon;
				DEVELOPMENT_TEAM = ZA326M6Y84;
				INFOPLIST_FILE = lasgasmx/Info.plist;
				IPHONEOS_DEPLOYMENT_TARGET = 10.2;
				LD_RUNPATH_SEARCH_PATHS = "$(inherited) @executable_path/Frameworks";
				PRODUCT_BUNDLE_IDENTIFIER = com.migueloruiz.lasgasmx;
				PRODUCT_NAME = "$(TARGET_NAME)";
				SWIFT_VERSION = 3.0;
			};
			name = Release;
		};
		E9112AEA1E8195EE00B6E60F /* Debug */ = {
			isa = XCBuildConfiguration;
			baseConfigurationReference = 2D567CC778115E18613716C2 /* Pods-lasgasmxTests.debug.xcconfig */;
			buildSettings = {
				ALWAYS_EMBED_SWIFT_STANDARD_LIBRARIES = YES;
				BUNDLE_LOADER = "$(TEST_HOST)";
				DEVELOPMENT_TEAM = ZA326M6Y84;
				INFOPLIST_FILE = lasgasmxTests/Info.plist;
				LD_RUNPATH_SEARCH_PATHS = "$(inherited) @executable_path/Frameworks @loader_path/Frameworks";
				PRODUCT_BUNDLE_IDENTIFIER = com.migueloruiz.lasgasmxTests;
				PRODUCT_NAME = "$(TARGET_NAME)";
				SWIFT_VERSION = 3.0;
				TEST_HOST = "$(BUILT_PRODUCTS_DIR)/lasgasmx.app/lasgasmx";
			};
			name = Debug;
		};
		E9112AEB1E8195EE00B6E60F /* Release */ = {
			isa = XCBuildConfiguration;
			baseConfigurationReference = B628E8B612C6FC4BE631535E /* Pods-lasgasmxTests.release.xcconfig */;
			buildSettings = {
				ALWAYS_EMBED_SWIFT_STANDARD_LIBRARIES = YES;
				BUNDLE_LOADER = "$(TEST_HOST)";
				DEVELOPMENT_TEAM = ZA326M6Y84;
				INFOPLIST_FILE = lasgasmxTests/Info.plist;
				LD_RUNPATH_SEARCH_PATHS = "$(inherited) @executable_path/Frameworks @loader_path/Frameworks";
				PRODUCT_BUNDLE_IDENTIFIER = com.migueloruiz.lasgasmxTests;
				PRODUCT_NAME = "$(TARGET_NAME)";
				SWIFT_VERSION = 3.0;
				TEST_HOST = "$(BUILT_PRODUCTS_DIR)/lasgasmx.app/lasgasmx";
			};
			name = Release;
		};
		E9112AED1E8195EE00B6E60F /* Debug */ = {
			isa = XCBuildConfiguration;
			baseConfigurationReference = 91B846D30F7C7F9AAA7C06FB /* Pods-lasgasmxUITests.debug.xcconfig */;
			buildSettings = {
				ALWAYS_EMBED_SWIFT_STANDARD_LIBRARIES = YES;
				DEVELOPMENT_TEAM = ZA326M6Y84;
				INFOPLIST_FILE = lasgasmxUITests/Info.plist;
				LD_RUNPATH_SEARCH_PATHS = "$(inherited) @executable_path/Frameworks @loader_path/Frameworks";
				PRODUCT_BUNDLE_IDENTIFIER = com.migueloruiz.lasgasmxUITests;
				PRODUCT_NAME = "$(TARGET_NAME)";
				SWIFT_VERSION = 3.0;
				TEST_TARGET_NAME = lasgasmx;
			};
			name = Debug;
		};
		E9112AEE1E8195EE00B6E60F /* Release */ = {
			isa = XCBuildConfiguration;
			baseConfigurationReference = 71B488C22897185B86AB7036 /* Pods-lasgasmxUITests.release.xcconfig */;
			buildSettings = {
				ALWAYS_EMBED_SWIFT_STANDARD_LIBRARIES = YES;
				DEVELOPMENT_TEAM = ZA326M6Y84;
				INFOPLIST_FILE = lasgasmxUITests/Info.plist;
				LD_RUNPATH_SEARCH_PATHS = "$(inherited) @executable_path/Frameworks @loader_path/Frameworks";
				PRODUCT_BUNDLE_IDENTIFIER = com.migueloruiz.lasgasmxUITests;
				PRODUCT_NAME = "$(TARGET_NAME)";
				SWIFT_VERSION = 3.0;
				TEST_TARGET_NAME = lasgasmx;
			};
			name = Release;
		};
/* End XCBuildConfiguration section */

/* Begin XCConfigurationList section */
		E9112AB61E8195EE00B6E60F /* Build configuration list for PBXProject "lasgasmx" */ = {
			isa = XCConfigurationList;
			buildConfigurations = (
				E9112AE41E8195EE00B6E60F /* Debug */,
				E9112AE51E8195EE00B6E60F /* Release */,
			);
			defaultConfigurationIsVisible = 0;
			defaultConfigurationName = Release;
		};
		E9112AE61E8195EE00B6E60F /* Build configuration list for PBXNativeTarget "lasgasmx" */ = {
			isa = XCConfigurationList;
			buildConfigurations = (
				E9112AE71E8195EE00B6E60F /* Debug */,
				E9112AE81E8195EE00B6E60F /* Release */,
			);
			defaultConfigurationIsVisible = 0;
			defaultConfigurationName = Release;
		};
		E9112AE91E8195EE00B6E60F /* Build configuration list for PBXNativeTarget "lasgasmxTests" */ = {
			isa = XCConfigurationList;
			buildConfigurations = (
				E9112AEA1E8195EE00B6E60F /* Debug */,
				E9112AEB1E8195EE00B6E60F /* Release */,
			);
			defaultConfigurationIsVisible = 0;
			defaultConfigurationName = Release;
		};
		E9112AEC1E8195EE00B6E60F /* Build configuration list for PBXNativeTarget "lasgasmxUITests" */ = {
			isa = XCConfigurationList;
			buildConfigurations = (
				E9112AED1E8195EE00B6E60F /* Debug */,
				E9112AEE1E8195EE00B6E60F /* Release */,
			);
			defaultConfigurationIsVisible = 0;
			defaultConfigurationName = Release;
		};
/* End XCConfigurationList section */

/* Begin XCVersionGroup section */
		E9112AC51E8195EE00B6E60F /* lasgasmx.xcdatamodeld */ = {
			isa = XCVersionGroup;
			children = (
				E9112AC61E8195EE00B6E60F /* lasgasmx.xcdatamodel */,
			);
			currentVersion = E9112AC61E8195EE00B6E60F /* lasgasmx.xcdatamodel */;
			path = lasgasmx.xcdatamodeld;
			sourceTree = "<group>";
			versionGroupType = wrapper.xcdatamodel;
		};
/* End XCVersionGroup section */
	};
	rootObject = E9112AB31E8195EE00B6E60F /* Project object */;
}
